
Microsoft Visual Studio Solution File, Format Version 12.00
# Visual Studio Version 16
VisualStudioVersion = 16.0.30907.101
MinimumVisualStudioVersion = 10.0.40219.1
Project("{9A19103F-16F7-4668-BE54-9A1E7A4F7556}") = "KampIntro", "KampIntro\KampIntro.csproj", "{0E17F42C-BBF4-4C16-8460-2941CD7C514F}"
EndProject
Project("{9A19103F-16F7-4668-BE54-9A1E7A4F7556}") = "Donguler", "Donguler\Donguler.csproj", "{567F1F9D-94DE-4BEE-8034-32FD4D26C675}"
EndProject
Project("{9A19103F-16F7-4668-BE54-9A1E7A4F7556}") = "ClassIntro", "ClassIntro\ClassIntro.csproj", "{6C0F0D1D-C84F-4C95-823A-1DEDED3E499C}"
EndProject
Project("{9A19103F-16F7-4668-BE54-9A1E7A4F7556}") = "Metotlar", "Metotlar\Metotlar.csproj", "{6523E0A1-A94B-4BEE-AC0F-F4F2D12AB1E0}"
EndProject
Project("{9A19103F-16F7-4668-BE54-9A1E7A4F7556}") = "Matematik", "Matematik\Matematik.csproj", "{083A8DA3-A3F1-4E60-8DE9-D3FE65295EA1}"
EndProject
Project("{9A19103F-16F7-4668-BE54-9A1E7A4F7556}") = "DegerVeReferansTipler", "DegerVeReferansTipler\DegerVeReferansTipler.csproj", "{887F7261-394E-421A-BB07-451831CBE82B}"
EndProject
Project("{9A19103F-16F7-4668-BE54-9A1E7A4F7556}") = "OOP1", "OOP1\OOP1.csproj", "{A2CC1292-71E4-46C7-8D56-1EA938C262F9}"
EndProject
Project("{9A19103F-16F7-4668-BE54-9A1E7A4F7556}") = "Koleksiyonlar", "Koleksiyonlar\Koleksiyonlar.csproj", "{77BB0302-99A6-4E4B-9469-CDA606634B9A}"
EndProject
Project("{9A19103F-16F7-4668-BE54-9A1E7A4F7556}") = "GenericsIntro", "GenericsIntro\GenericsIntro.csproj", "{207083D3-194D-4844-841B-75141AF68BFD}"
EndProject
Project("{FAE04EC0-301F-11D3-BF4B-00C04F79EFBC}") = "OOP2", "OOP2\OOP2.csproj", "{B60AB361-A217-44CA-90D4-0D6BE7F57F67}"
EndProject
Project("{FAE04EC0-301F-11D3-BF4B-00C04F79EFBC}") = "OOP3", "OOP3\OOP3.csproj", "{201FFF8E-7C2D-4250-BF39-9411391957A6}"
EndProject
Global
	GlobalSection(SolutionConfigurationPlatforms) = preSolution
		Debug|Any CPU = Debug|Any CPU
		Release|Any CPU = Release|Any CPU
	EndGlobalSection
	GlobalSection(ProjectConfigurationPlatforms) = postSolution
		{0E17F42C-BBF4-4C16-8460-2941CD7C514F}.Debug|Any CPU.ActiveCfg = Debug|Any CPU
		{0E17F42C-BBF4-4C16-8460-2941CD7C514F}.Debug|Any CPU.Build.0 = Debug|Any CPU
		{0E17F42C-BBF4-4C16-8460-2941CD7C514F}.Release|Any CPU.ActiveCfg = Release|Any CPU
		{0E17F42C-BBF4-4C16-8460-2941CD7C514F}.Release|Any CPU.Build.0 = Release|Any CPU
		{567F1F9D-94DE-4BEE-8034-32FD4D26C675}.Debug|Any CPU.ActiveCfg = Debug|Any CPU
		{567F1F9D-94DE-4BEE-8034-32FD4D26C675}.Debug|Any CPU.Build.0 = Debug|Any CPU
		{567F1F9D-94DE-4BEE-8034-32FD4D26C675}.Release|Any CPU.ActiveCfg = Release|Any CPU
		{567F1F9D-94DE-4BEE-8034-32FD4D26C675}.Release|Any CPU.Build.0 = Release|Any CPU
		{6C0F0D1D-C84F-4C95-823A-1DEDED3E499C}.Debug|Any CPU.ActiveCfg = Debug|Any CPU
		{6C0F0D1D-C84F-4C95-823A-1DEDED3E499C}.Debug|Any CPU.Build.0 = Debug|Any CPU
		{6C0F0D1D-C84F-4C95-823A-1DEDED3E499C}.Release|Any CPU.ActiveCfg = Release|Any CPU
		{6C0F0D1D-C84F-4C95-823A-1DEDED3E499C}.Release|Any CPU.Build.0 = Release|Any CPU
		{6523E0A1-A94B-4BEE-AC0F-F4F2D12AB1E0}.Debug|Any CPU.ActiveCfg = Debug|Any CPU
		{6523E0A1-A94B-4BEE-AC0F-F4F2D12AB1E0}.Debug|Any CPU.Build.0 = Debug|Any CPU
		{6523E0A1-A94B-4BEE-AC0F-F4F2D12AB1E0}.Release|Any CPU.ActiveCfg = Release|Any CPU
		{6523E0A1-A94B-4BEE-AC0F-F4F2D12AB1E0}.Release|Any CPU.Build.0 = Release|Any CPU
		{083A8DA3-A3F1-4E60-8DE9-D3FE65295EA1}.Debug|Any CPU.ActiveCfg = Debug|Any CPU
		{083A8DA3-A3F1-4E60-8DE9-D3FE65295EA1}.Debug|Any CPU.Build.0 = Debug|Any CPU
		{083A8DA3-A3F1-4E60-8DE9-D3FE65295EA1}.Release|Any CPU.ActiveCfg = Release|Any CPU
		{083A8DA3-A3F1-4E60-8DE9-D3FE65295EA1}.Release|Any CPU.Build.0 = Release|Any CPU
		{887F7261-394E-421A-BB07-451831CBE82B}.Debug|Any CPU.ActiveCfg = Debug|Any CPU
		{887F7261-394E-421A-BB07-451831CBE82B}.Debug|Any CPU.Build.0 = Debug|Any CPU
		{887F7261-394E-421A-BB07-451831CBE82B}.Release|Any CPU.ActiveCfg = Release|Any CPU
		{887F7261-394E-421A-BB07-451831CBE82B}.Release|Any CPU.Build.0 = Release|Any CPU
		{A2CC1292-71E4-46C7-8D56-1EA938C262F9}.Debug|Any CPU.ActiveCfg = Debug|Any CPU
		{A2CC1292-71E4-46C7-8D56-1EA938C262F9}.Debug|Any CPU.Build.0 = Debug|Any CPU
		{A2CC1292-71E4-46C7-8D56-1EA938C262F9}.Release|Any CPU.ActiveCfg = Release|Any CPU
		{A2CC1292-71E4-46C7-8D56-1EA938C262F9}.Release|Any CPU.Build.0 = Release|Any CPU
		{77BB0302-99A6-4E4B-9469-CDA606634B9A}.Debug|Any CPU.ActiveCfg = Debug|Any CPU
		{77BB0302-99A6-4E4B-9469-CDA606634B9A}.Debug|Any CPU.Build.0 = Debug|Any CPU
		{77BB0302-99A6-4E4B-9469-CDA606634B9A}.Release|Any CPU.ActiveCfg = Release|Any CPU
		{77BB0302-99A6-4E4B-9469-CDA606634B9A}.Release|Any CPU.Build.0 = Release|Any CPU
		{207083D3-194D-4844-841B-75141AF68BFD}.Debug|Any CPU.ActiveCfg = Debug|Any CPU
		{207083D3-194D-4844-841B-75141AF68BFD}.Debug|Any CPU.Build.0 = Debug|Any CPU
		{207083D3-194D-4844-841B-75141AF68BFD}.Release|Any CPU.ActiveCfg = Release|Any CPU
		{207083D3-194D-4844-841B-75141AF68BFD}.Release|Any CPU.Build.0 = Release|Any CPU
		{B60AB361-A217-44CA-90D4-0D6BE7F57F67}.Debug|Any CPU.ActiveCfg = Debug|Any CPU
		{B60AB361-A217-44CA-90D4-0D6BE7F57F67}.Debug|Any CPU.Build.0 = Debug|Any CPU
		{B60AB361-A217-44CA-90D4-0D6BE7F57F67}.Release|Any CPU.ActiveCfg = Release|Any CPU
		{B60AB361-A217-44CA-90D4-0D6BE7F57F67}.Release|Any CPU.Build.0 = Release|Any CPU
		{201FFF8E-7C2D-4250-BF39-9411391957A6}.Debug|Any CPU.ActiveCfg = Debug|Any CPU
		{201FFF8E-7C2D-4250-BF39-9411391957A6}.Debug|Any CPU.Build.0 = Debug|Any CPU
		{201FFF8E-7C2D-4250-BF39-9411391957A6}.Release|Any CPU.ActiveCfg = Release|Any CPU
		{201FFF8E-7C2D-4250-BF39-9411391957A6}.Release|Any CPU.Build.0 = Release|Any CPU
	EndGlobalSection
	GlobalSection(SolutionProperties) = preSolution
		HideSolutionNode = FALSE
	EndGlobalSection
	GlobalSection(ExtensibilityGlobals) = postSolution
		SolutionGuid = {4B38DAEF-22B7-430C-BB06-B06521AD6C09}
	EndGlobalSection
EndGlobal
